
Microsoft Visual Studio Solution File, Format Version 12.00
# Visual Studio Version 17
VisualStudioVersion = 17.10.35013.160
MinimumVisualStudioVersion = 10.0.40219.1
Project("{FAE04EC0-301F-11D3-BF4B-00C04F79EFBC}") = "WarehouseApp", "WarehouseApp\WarehouseApp.csproj", "{2B31E554-1D3C-4A7B-A1AD-E6133E7F4702}"
EndProject
Global
	GlobalSection(SolutionConfigurationPlatforms) = preSolution
		Debug|Any CPU = Debug|Any CPU
		Release|Any CPU = Release|Any CPU
	EndGlobalSection
	GlobalSection(ProjectConfigurationPlatforms) = postSolution
		{2B31E554-1D3C-4A7B-A1AD-E6133E7F4702}.Debug|Any CPU.ActiveCfg = Debug|Any CPU
		{2B31E554-1D3C-4A7B-A1AD-E6133E7F4702}.Debug|Any CPU.Build.0 = Debug|Any CPU
		{2B31E554-1D3C-4A7B-A1AD-E6133E7F4702}.Release|Any CPU.ActiveCfg = Release|Any CPU
		{2B31E554-1D3C-4A7B-A1AD-E6133E7F4702}.Release|Any CPU.Build.0 = Release|Any CPU
	EndGlobalSection
	GlobalSection(SolutionProperties) = preSolution
		HideSolutionNode = FALSE
	EndGlobalSection
	GlobalSection(ExtensibilityGlobals) = postSolution
		SolutionGuid = {463B38DE-0036-4094-BD0E-0DC2875A2047}
	EndGlobalSection
EndGlobal
